
Microsoft Visual Studio Solution File, Format Version 12.00
# Visual Studio 15
VisualStudioVersion = 15.0.27004.2005
MinimumVisualStudioVersion = 10.0.40219.1
Project("{FAE04EC0-301F-11D3-BF4B-00C04F79EFBC}") = "Text game", "Text game\Text game.csproj", "{CA94A26A-EA02-48D5-9970-0AED7127C0C0}"
EndProject
Global
	GlobalSection(SolutionConfigurationPlatforms) = preSolution
		Debug|Any CPU = Debug|Any CPU
		Release|Any CPU = Release|Any CPU
	EndGlobalSection
	GlobalSection(ProjectConfigurationPlatforms) = postSolution
		{CA94A26A-EA02-48D5-9970-0AED7127C0C0}.Debug|Any CPU.ActiveCfg = Debug|Any CPU
		{CA94A26A-EA02-48D5-9970-0AED7127C0C0}.Debug|Any CPU.Build.0 = Debug|Any CPU
		{CA94A26A-EA02-48D5-9970-0AED7127C0C0}.Release|Any CPU.ActiveCfg = Release|Any CPU
		{CA94A26A-EA02-48D5-9970-0AED7127C0C0}.Release|Any CPU.Build.0 = Release|Any CPU
	EndGlobalSection
	GlobalSection(SolutionProperties) = preSolution
		HideSolutionNode = FALSE
	EndGlobalSection
	GlobalSection(ExtensibilityGlobals) = postSolution
		SolutionGuid = {5226F9B2-443C-4203-B86B-AB9590812F0D}
	EndGlobalSection
EndGlobal
